
Microsoft Visual Studio Solution File, Format Version 12.00
# Visual Studio Version 17
VisualStudioVersion = 17.9.34607.119
MinimumVisualStudioVersion = 10.0.40219.1
Project("{FAE04EC0-301F-11D3-BF4B-00C04F79EFBC}") = "UiPath-StartJob-API", "UiPath-StartJob-API\UiPath-StartJob-API.csproj", "{B8E882FC-06BA-4D25-B86D-6A1BE84F368C}"
EndProject
Global
	GlobalSection(SolutionConfigurationPlatforms) = preSolution
		Debug|Any CPU = Debug|Any CPU
		Release|Any CPU = Release|Any CPU
	EndGlobalSection
	GlobalSection(ProjectConfigurationPlatforms) = postSolution
		{B8E882FC-06BA-4D25-B86D-6A1BE84F368C}.Debug|Any CPU.ActiveCfg = Debug|Any CPU
		{B8E882FC-06BA-4D25-B86D-6A1BE84F368C}.Debug|Any CPU.Build.0 = Debug|Any CPU
		{B8E882FC-06BA-4D25-B86D-6A1BE84F368C}.Release|Any CPU.ActiveCfg = Release|Any CPU
		{B8E882FC-06BA-4D25-B86D-6A1BE84F368C}.Release|Any CPU.Build.0 = Release|Any CPU
	EndGlobalSection
	GlobalSection(SolutionProperties) = preSolution
		HideSolutionNode = FALSE
	EndGlobalSection
	GlobalSection(ExtensibilityGlobals) = postSolution
		SolutionGuid = {618298A5-F749-4511-829E-83B536040A68}
	EndGlobalSection
EndGlobal
